// !$*UTF8*$!
{
	archiveVersion = 1;
	classes = {
	};
	objectVersion = 46;
	objects = {

/* Begin PBXBuildFile section */
		9D315C0587E49B7C38CB0C13 /* libPods.a in Frameworks */ = {isa = PBXBuildFile; fileRef = 32F4C100E03EF1241931D0EE /* libPods.a */; };
		E12744A61C1BFA8700698286 /* SeatsViewController.m in Sources */ = {isa = PBXBuildFile; fileRef = E12744A51C1BFA8700698286 /* SeatsViewController.m */; settings = {ASSET_TAGS = (); }; };
		E13206311C806344002DE512 /* LibrarySeatsModel.xcdatamodeld in Sources */ = {isa = PBXBuildFile; fileRef = E132062F1C806344002DE512 /* LibrarySeatsModel.xcdatamodeld */; settings = {ASSET_TAGS = (); }; };
		E13206431C806700002DE512 /* Notice.m in Sources */ = {isa = PBXBuildFile; fileRef = E132063D1C806700002DE512 /* Notice.m */; settings = {ASSET_TAGS = (); }; };
		E132064C1C806764002DE512 /* Venue.m in Sources */ = {isa = PBXBuildFile; fileRef = E13206451C806764002DE512 /* Venue.m */; settings = {ASSET_TAGS = (); }; };
		E132064D1C806764002DE512 /* Library.m in Sources */ = {isa = PBXBuildFile; fileRef = E13206471C806764002DE512 /* Library.m */; settings = {ASSET_TAGS = (); }; };
		E132064E1C806764002DE512 /* Seat.m in Sources */ = {isa = PBXBuildFile; fileRef = E13206491C806764002DE512 /* Seat.m */; settings = {ASSET_TAGS = (); }; };
		E14180261C210F9B00195B75 /* TipsView.m in Sources */ = {isa = PBXBuildFile; fileRef = E14180251C210F9B00195B75 /* TipsView.m */; settings = {ASSET_TAGS = (); }; };
		E14180291C21365700195B75 /* Tip.m in Sources */ = {isa = PBXBuildFile; fileRef = E14180281C21365700195B75 /* Tip.m */; settings = {ASSET_TAGS = (); }; };
		E141802B1C21B2BF00195B75 /* imageInfo.plist in Resources */ = {isa = PBXBuildFile; fileRef = E141802A1C21B2BF00195B75 /* imageInfo.plist */; settings = {ASSET_TAGS = (); }; };
		E14180301C21B30E00195B75 /* ZSeat.m in Sources */ = {isa = PBXBuildFile; fileRef = E141802D1C21B30E00195B75 /* ZSeat.m */; settings = {ASSET_TAGS = (); }; };
		E14180311C21B30E00195B75 /* ZSeatSelector.m in Sources */ = {isa = PBXBuildFile; fileRef = E141802F1C21B30E00195B75 /* ZSeatSelector.m */; settings = {ASSET_TAGS = (); }; };
		E17574CB1C8166DF0047E843 /* User.m in Sources */ = {isa = PBXBuildFile; fileRef = E17574CA1C8166DF0047E843 /* User.m */; settings = {ASSET_TAGS = (); }; };
		E1770ADD1C463DA300DC4594 /* YALSunnyRefreshControl.m in Sources */ = {isa = PBXBuildFile; fileRef = E1770ADB1C463DA300DC4594 /* YALSunnyRefreshControl.m */; settings = {ASSET_TAGS = (); }; };
		E1770ADE1C463DA300DC4594 /* YALSunnyRefreshControl.xib in Resources */ = {isa = PBXBuildFile; fileRef = E1770ADC1C463DA300DC4594 /* YALSunnyRefreshControl.xib */; settings = {ASSET_TAGS = (); }; };
		E17B74741C43A039005F6F1E /* PQFBouncingBalls.m in Sources */ = {isa = PBXBuildFile; fileRef = E17B746F1C43A039005F6F1E /* PQFBouncingBalls.m */; settings = {ASSET_TAGS = (); }; };
		E17F134A1C16BF5B00B2D0FB /* RollingImageScrollView.m in Sources */ = {isa = PBXBuildFile; fileRef = E17F13491C16BF5B00B2D0FB /* RollingImageScrollView.m */; settings = {ASSET_TAGS = (); }; };
		E180856E1C466BE4004156DF /* InformationTableViewController.m in Sources */ = {isa = PBXBuildFile; fileRef = E180856C1C466BE4004156DF /* InformationTableViewController.m */; settings = {ASSET_TAGS = (); }; };
		E180856F1C466BE4004156DF /* InformationTableViewController.xib in Resources */ = {isa = PBXBuildFile; fileRef = E180856D1C466BE4004156DF /* InformationTableViewController.xib */; settings = {ASSET_TAGS = (); }; };
		E18085731C466D31004156DF /* AvatorTableViewCell.m in Sources */ = {isa = PBXBuildFile; fileRef = E18085711C466D31004156DF /* AvatorTableViewCell.m */; settings = {ASSET_TAGS = (); }; };
		E18085741C466D31004156DF /* AvatorTableViewCell.xib in Resources */ = {isa = PBXBuildFile; fileRef = E18085721C466D31004156DF /* AvatorTableViewCell.xib */; settings = {ASSET_TAGS = (); }; };
		E18681FC1C1AB47C0054EA41 /* SeatsProgressView.m in Sources */ = {isa = PBXBuildFile; fileRef = E18681FB1C1AB47C0054EA41 /* SeatsProgressView.m */; settings = {ASSET_TAGS = (); }; };
		E186E2C61C425AA0001FA9A6 /* SeatTableHeaderView.m in Sources */ = {isa = PBXBuildFile; fileRef = E186E2C51C425AA0001FA9A6 /* SeatTableHeaderView.m */; settings = {ASSET_TAGS = (); }; };
		E186E2C81C425ABA001FA9A6 /* SeatTableHeaderView.xib in Resources */ = {isa = PBXBuildFile; fileRef = E186E2C71C425ABA001FA9A6 /* SeatTableHeaderView.xib */; settings = {ASSET_TAGS = (); }; };
		E186E2CB1C426916001FA9A6 /* SettingTableViewController.m in Sources */ = {isa = PBXBuildFile; fileRef = E186E2CA1C426916001FA9A6 /* SettingTableViewController.m */; settings = {ASSET_TAGS = (); }; };
		E186E2CF1C42807B001FA9A6 /* TimeTableViewCell.m in Sources */ = {isa = PBXBuildFile; fileRef = E186E2CD1C42807B001FA9A6 /* TimeTableViewCell.m */; settings = {ASSET_TAGS = (); }; };
		E186E2D01C42807B001FA9A6 /* TimeTableViewCell.xib in Resources */ = {isa = PBXBuildFile; fileRef = E186E2CE1C42807B001FA9A6 /* TimeTableViewCell.xib */; settings = {ASSET_TAGS = (); }; };
		E18908B21C87EC7700B99325 /* Venue+CoreDataProperties.m in Sources */ = {isa = PBXBuildFile; fileRef = E18908AD1C87EC7700B99325 /* Venue+CoreDataProperties.m */; settings = {ASSET_TAGS = (); }; };
		E18908B31C87EC7700B99325 /* Library+CoreDataProperties.m in Sources */ = {isa = PBXBuildFile; fileRef = E18908AF1C87EC7700B99325 /* Library+CoreDataProperties.m */; settings = {ASSET_TAGS = (); }; };
		E18908B41C87EC7700B99325 /* Notice+CoreDataProperties.m in Sources */ = {isa = PBXBuildFile; fileRef = E18908B11C87EC7700B99325 /* Notice+CoreDataProperties.m */; settings = {ASSET_TAGS = (); }; };
		E18908BE1C87F38200B99325 /* persistentStore in Resources */ = {isa = PBXBuildFile; fileRef = E18908BB1C87F38200B99325 /* persistentStore */; settings = {ASSET_TAGS = (); }; };
		E18908BF1C87F38200B99325 /* persistentStore-wal in Resources */ = {isa = PBXBuildFile; fileRef = E18908BC1C87F38200B99325 /* persistentStore-wal */; settings = {ASSET_TAGS = (); }; };
		E18908C01C87F38200B99325 /* persistentStore-shm in Resources */ = {isa = PBXBuildFile; fileRef = E18908BD1C87F38200B99325 /* persistentStore-shm */; settings = {ASSET_TAGS = (); }; };
		E1A6DD311C2A81E200A36E6D /* MineViewController.m in Sources */ = {isa = PBXBuildFile; fileRef = E1A6DD2F1C2A81E200A36E6D /* MineViewController.m */; settings = {ASSET_TAGS = (); }; };
		E1A878891C17CB7300548FC5 /* SignInQRCodeViewController.m in Sources */ = {isa = PBXBuildFile; fileRef = E1A878881C17CB7300548FC5 /* SignInQRCodeViewController.m */; settings = {ASSET_TAGS = (); }; };
		E1B5B7AA1C15D59B00CD2981 /* main.m in Sources */ = {isa = PBXBuildFile; fileRef = E1B5B7A91C15D59B00CD2981 /* main.m */; };
		E1B5B7AD1C15D59B00CD2981 /* AppDelegate.m in Sources */ = {isa = PBXBuildFile; fileRef = E1B5B7AC1C15D59B00CD2981 /* AppDelegate.m */; };
		E1B5B7B31C15D59B00CD2981 /* Main.storyboard in Resources */ = {isa = PBXBuildFile; fileRef = E1B5B7B11C15D59B00CD2981 /* Main.storyboard */; };
		E1B5B7B51C15D59B00CD2981 /* Assets.xcassets in Resources */ = {isa = PBXBuildFile; fileRef = E1B5B7B41C15D59B00CD2981 /* Assets.xcassets */; };
		E1B5B7B81C15D59B00CD2981 /* LaunchScreen.storyboard in Resources */ = {isa = PBXBuildFile; fileRef = E1B5B7B61C15D59B00CD2981 /* LaunchScreen.storyboard */; };
		E1B5B7DD1C15D8C000CD2981 /* LibrarySeatsTabBarController.m in Sources */ = {isa = PBXBuildFile; fileRef = E1B5B7DC1C15D8C000CD2981 /* LibrarySeatsTabBarController.m */; settings = {ASSET_TAGS = (); }; };
		E1B88E4D1C41473500CE2F2B /* SeatTableViewCell.m in Sources */ = {isa = PBXBuildFile; fileRef = E1B88E4C1C41473500CE2F2B /* SeatTableViewCell.m */; settings = {ASSET_TAGS = (); }; };
		E1B88E501C41476600CE2F2B /* SeatTableViewCell.xib in Resources */ = {isa = PBXBuildFile; fileRef = E1B88E4F1C41476600CE2F2B /* SeatTableViewCell.xib */; settings = {ASSET_TAGS = (); }; };
		E1BEDBD11C1D600C0039F642 /* DetailViewController.m in Sources */ = {isa = PBXBuildFile; fileRef = E1BEDBD01C1D600C0039F642 /* DetailViewController.m */; settings = {ASSET_TAGS = (); }; };
		E1C7624B1C22A438006977C1 /* NoticesViewController.m in Sources */ = {isa = PBXBuildFile; fileRef = E1C7624A1C22A438006977C1 /* NoticesViewController.m */; settings = {ASSET_TAGS = (); }; };
		E1C7624E1C22AE33006977C1 /* WebViewController.m in Sources */ = {isa = PBXBuildFile; fileRef = E1C7624D1C22AE33006977C1 /* WebViewController.m */; settings = {ASSET_TAGS = (); }; };
		E1CEEBE11C3AC0430056089E /* LocationHandler.m in Sources */ = {isa = PBXBuildFile; fileRef = E1CEEBE01C3AC0430056089E /* LocationHandler.m */; settings = {ASSET_TAGS = (); }; };
		E1DA785D1C311A7700402E3F /* MineFooterView.m in Sources */ = {isa = PBXBuildFile; fileRef = E1DA785C1C311A7700402E3F /* MineFooterView.m */; settings = {ASSET_TAGS = (); }; };
		E1DA785F1C311A9500402E3F /* MineFooterView.xib in Resources */ = {isa = PBXBuildFile; fileRef = E1DA785E1C311A9500402E3F /* MineFooterView.xib */; settings = {ASSET_TAGS = (); }; };
		E1DA78641C31616E00402E3F /* BookingViewController.m in Sources */ = {isa = PBXBuildFile; fileRef = E1DA78631C31616E00402E3F /* BookingViewController.m */; settings = {ASSET_TAGS = (); }; };
		E1DDCCF41C2B932100264802 /* LibrarySeatsHeaders.m in Sources */ = {isa = PBXBuildFile; fileRef = E1DDCCF31C2B932100264802 /* LibrarySeatsHeaders.m */; settings = {ASSET_TAGS = (); }; };
		E1DE60491CA6A6D400B2A027 /* VenueSeatsViewController.m in Sources */ = {isa = PBXBuildFile; fileRef = E1DE60481CA6A6D400B2A027 /* VenueSeatsViewController.m */; settings = {ASSET_TAGS = (); }; };
		E1DF336F1C30C42400C5B9A7 /* LoginViewController.m in Sources */ = {isa = PBXBuildFile; fileRef = E1DF336E1C30C42400C5B9A7 /* LoginViewController.m */; settings = {ASSET_TAGS = (); }; };
		E1E34D341C882D1B00858F76 /* NoticeDetailViewController.m in Sources */ = {isa = PBXBuildFile; fileRef = E1E34D321C882D1B00858F76 /* NoticeDetailViewController.m */; settings = {ASSET_TAGS = (); }; };
		E1E34D351C882D1B00858F76 /* NoticeDetailViewController.xib in Resources */ = {isa = PBXBuildFile; fileRef = E1E34D331C882D1B00858F76 /* NoticeDetailViewController.xib */; settings = {ASSET_TAGS = (); }; };
		E1F07E611C44E83600A4FCF8 /* LeftTimeView.m in Sources */ = {isa = PBXBuildFile; fileRef = E1F07E601C44E83600A4FCF8 /* LeftTimeView.m */; settings = {ASSET_TAGS = (); }; };
		E1F07E631C44E84E00A4FCF8 /* LeftTimeView.xib in Resources */ = {isa = PBXBuildFile; fileRef = E1F07E621C44E84E00A4FCF8 /* LeftTimeView.xib */; settings = {ASSET_TAGS = (); }; };
		E1F47CB91C42B17E0081CF45 /* CMPopTipView.m in Sources */ = {isa = PBXBuildFile; fileRef = E1F47CB81C42B17E0081CF45 /* CMPopTipView.m */; settings = {ASSET_TAGS = (); }; };
		E1F5709E1C3A0766009E65DA /* CustomBookingView.m in Sources */ = {isa = PBXBuildFile; fileRef = E1F5709D1C3A0766009E65DA /* CustomBookingView.m */; settings = {ASSET_TAGS = (); }; };
		E1F570A01C3A077B009E65DA /* CustomBookingView.xib in Resources */ = {isa = PBXBuildFile; fileRef = E1F5709F1C3A077B009E65DA /* CustomBookingView.xib */; settings = {ASSET_TAGS = (); }; };
		E1FF1D961C434C0E00CCB46F /* NetworkHandler.m in Sources */ = {isa = PBXBuildFile; fileRef = E1FF1D951C434C0E00CCB46F /* NetworkHandler.m */; settings = {ASSET_TAGS = (); }; };
/* End PBXBuildFile section */

/* Begin PBXContainerItemProxy section */
		E1B5B7BF1C15D59B00CD2981 /* PBXContainerItemProxy */ = {
			isa = PBXContainerItemProxy;
			containerPortal = E1B5B79D1C15D59B00CD2981 /* Project object */;
			proxyType = 1;
			remoteGlobalIDString = E1B5B7A41C15D59B00CD2981;
			remoteInfo = LibrarySeats;
		};
		E1B5B7CA1C15D59B00CD2981 /* PBXContainerItemProxy */ = {
			isa = PBXContainerItemProxy;
			containerPortal = E1B5B79D1C15D59B00CD2981 /* Project object */;
			proxyType = 1;
			remoteGlobalIDString = E1B5B7A41C15D59B00CD2981;
			remoteInfo = LibrarySeats;
		};
/* End PBXContainerItemProxy section */

/* Begin PBXFileReference section */
		32F4C100E03EF1241931D0EE /* libPods.a */ = {isa = PBXFileReference; explicitFileType = archive.ar; includeInIndex = 0; path = libPods.a; sourceTree = BUILT_PRODUCTS_DIR; };
		6F021ECA0ECAC1E3106226FE /* Pods.debug.xcconfig */ = {isa = PBXFileReference; includeInIndex = 1; lastKnownFileType = text.xcconfig; name = Pods.debug.xcconfig; path = "Pods/Target Support Files/Pods/Pods.debug.xcconfig"; sourceTree = "<group>"; };
		B26053295D024FF084BCCF28 /* Pods.release.xcconfig */ = {isa = PBXFileReference; includeInIndex = 1; lastKnownFileType = text.xcconfig; name = Pods.release.xcconfig; path = "Pods/Target Support Files/Pods/Pods.release.xcconfig"; sourceTree = "<group>"; };
		E12744A41C1BFA8700698286 /* SeatsViewController.h */ = {isa = PBXFileReference; fileEncoding = 4; lastKnownFileType = sourcecode.c.h; path = SeatsViewController.h; sourceTree = "<group>"; };
		E12744A51C1BFA8700698286 /* SeatsViewController.m */ = {isa = PBXFileReference; fileEncoding = 4; lastKnownFileType = sourcecode.c.objc; path = SeatsViewController.m; sourceTree = "<group>"; };
		E13206301C806344002DE512 /* LibrarySeatsModel.xcdatamodel */ = {isa = PBXFileReference; lastKnownFileType = wrapper.xcdatamodel; path = LibrarySeatsModel.xcdatamodel; sourceTree = "<group>"; };
		E132063C1C806700002DE512 /* Notice.h */ = {isa = PBXFileReference; fileEncoding = 4; lastKnownFileType = sourcecode.c.h; path = Notice.h; sourceTree = "<group>"; };
		E132063D1C806700002DE512 /* Notice.m */ = {isa = PBXFileReference; fileEncoding = 4; lastKnownFileType = sourcecode.c.objc; path = Notice.m; sourceTree = "<group>"; };
		E13206441C806764002DE512 /* Venue.h */ = {isa = PBXFileReference; fileEncoding = 4; lastKnownFileType = sourcecode.c.h; path = Venue.h; sourceTree = "<group>"; };
		E13206451C806764002DE512 /* Venue.m */ = {isa = PBXFileReference; fileEncoding = 4; lastKnownFileType = sourcecode.c.objc; path = Venue.m; sourceTree = "<group>"; };
		E13206461C806764002DE512 /* Library.h */ = {isa = PBXFileReference; fileEncoding = 4; lastKnownFileType = sourcecode.c.h; path = Library.h; sourceTree = "<group>"; };
		E13206471C806764002DE512 /* Library.m */ = {isa = PBXFileReference; fileEncoding = 4; lastKnownFileType = sourcecode.c.objc; path = Library.m; sourceTree = "<group>"; };
		E13206481C806764002DE512 /* Seat.h */ = {isa = PBXFileReference; fileEncoding = 4; lastKnownFileType = sourcecode.c.h; path = Seat.h; sourceTree = "<group>"; };
		E13206491C806764002DE512 /* Seat.m */ = {isa = PBXFileReference; fileEncoding = 4; lastKnownFileType = sourcecode.c.objc; path = Seat.m; sourceTree = "<group>"; };
		E14180241C210F9B00195B75 /* TipsView.h */ = {isa = PBXFileReference; fileEncoding = 4; lastKnownFileType = sourcecode.c.h; path = TipsView.h; sourceTree = "<group>"; };
		E14180251C210F9B00195B75 /* TipsView.m */ = {isa = PBXFileReference; fileEncoding = 4; lastKnownFileType = sourcecode.c.objc; path = TipsView.m; sourceTree = "<group>"; };
		E14180271C21365700195B75 /* Tip.h */ = {isa = PBXFileReference; fileEncoding = 4; lastKnownFileType = sourcecode.c.h; path = Tip.h; sourceTree = "<group>"; };
		E14180281C21365700195B75 /* Tip.m */ = {isa = PBXFileReference; fileEncoding = 4; lastKnownFileType = sourcecode.c.objc; path = Tip.m; sourceTree = "<group>"; };
		E141802A1C21B2BF00195B75 /* imageInfo.plist */ = {isa = PBXFileReference; fileEncoding = 4; lastKnownFileType = text.plist.xml; path = imageInfo.plist; sourceTree = "<group>"; };
		E141802C1C21B30E00195B75 /* ZSeat.h */ = {isa = PBXFileReference; fileEncoding = 4; lastKnownFileType = sourcecode.c.h; path = ZSeat.h; sourceTree = "<group>"; };
		E141802D1C21B30E00195B75 /* ZSeat.m */ = {isa = PBXFileReference; fileEncoding = 4; lastKnownFileType = sourcecode.c.objc; path = ZSeat.m; sourceTree = "<group>"; };
		E141802E1C21B30E00195B75 /* ZSeatSelector.h */ = {isa = PBXFileReference; fileEncoding = 4; lastKnownFileType = sourcecode.c.h; path = ZSeatSelector.h; sourceTree = "<group>"; };
		E141802F1C21B30E00195B75 /* ZSeatSelector.m */ = {isa = PBXFileReference; fileEncoding = 4; lastKnownFileType = sourcecode.c.objc; path = ZSeatSelector.m; sourceTree = "<group>"; };
		E17574C91C8166D40047E843 /* User.h */ = {isa = PBXFileReference; lastKnownFileType = sourcecode.c.h; path = User.h; sourceTree = "<group>"; };
		E17574CA1C8166DF0047E843 /* User.m */ = {isa = PBXFileReference; fileEncoding = 4; lastKnownFileType = sourcecode.c.objc; path = User.m; sourceTree = "<group>"; };
		E1770ADA1C463DA300DC4594 /* YALSunnyRefreshControl.h */ = {isa = PBXFileReference; fileEncoding = 4; lastKnownFileType = sourcecode.c.h; path = YALSunnyRefreshControl.h; sourceTree = "<group>"; };
		E1770ADB1C463DA300DC4594 /* YALSunnyRefreshControl.m */ = {isa = PBXFileReference; fileEncoding = 4; lastKnownFileType = sourcecode.c.objc; path = YALSunnyRefreshControl.m; sourceTree = "<group>"; };
		E1770ADC1C463DA300DC4594 /* YALSunnyRefreshControl.xib */ = {isa = PBXFileReference; fileEncoding = 4; lastKnownFileType = file.xib; path = YALSunnyRefreshControl.xib; sourceTree = "<group>"; };
		E17B746E1C43A039005F6F1E /* PQFBouncingBalls.h */ = {isa = PBXFileReference; fileEncoding = 4; lastKnownFileType = sourcecode.c.h; path = PQFBouncingBalls.h; sourceTree = "<group>"; };
		E17B746F1C43A039005F6F1E /* PQFBouncingBalls.m */ = {isa = PBXFileReference; fileEncoding = 4; lastKnownFileType = sourcecode.c.objc; path = PQFBouncingBalls.m; sourceTree = "<group>"; };
		E17B74721C43A039005F6F1E /* PQFCustomLoaders.h */ = {isa = PBXFileReference; fileEncoding = 4; lastKnownFileType = sourcecode.c.h; path = PQFCustomLoaders.h; sourceTree = "<group>"; };
		E17F13481C16BF5B00B2D0FB /* RollingImageScrollView.h */ = {isa = PBXFileReference; fileEncoding = 4; lastKnownFileType = sourcecode.c.h; path = RollingImageScrollView.h; sourceTree = "<group>"; };
		E17F13491C16BF5B00B2D0FB /* RollingImageScrollView.m */ = {isa = PBXFileReference; fileEncoding = 4; lastKnownFileType = sourcecode.c.objc; path = RollingImageScrollView.m; sourceTree = "<group>"; };
		E180856B1C466BE4004156DF /* InformationTableViewController.h */ = {isa = PBXFileReference; fileEncoding = 4; lastKnownFileType = sourcecode.c.h; path = InformationTableViewController.h; sourceTree = "<group>"; };
		E180856C1C466BE4004156DF /* InformationTableViewController.m */ = {isa = PBXFileReference; fileEncoding = 4; lastKnownFileType = sourcecode.c.objc; path = InformationTableViewController.m; sourceTree = "<group>"; };
		E180856D1C466BE4004156DF /* InformationTableViewController.xib */ = {isa = PBXFileReference; fileEncoding = 4; lastKnownFileType = file.xib; path = InformationTableViewController.xib; sourceTree = "<group>"; };
		E18085701C466D31004156DF /* AvatorTableViewCell.h */ = {isa = PBXFileReference; fileEncoding = 4; lastKnownFileType = sourcecode.c.h; path = AvatorTableViewCell.h; sourceTree = "<group>"; };
		E18085711C466D31004156DF /* AvatorTableViewCell.m */ = {isa = PBXFileReference; fileEncoding = 4; lastKnownFileType = sourcecode.c.objc; path = AvatorTableViewCell.m; sourceTree = "<group>"; };
		E18085721C466D31004156DF /* AvatorTableViewCell.xib */ = {isa = PBXFileReference; fileEncoding = 4; lastKnownFileType = file.xib; path = AvatorTableViewCell.xib; sourceTree = "<group>"; };
		E18681FA1C1AB47C0054EA41 /* SeatsProgressView.h */ = {isa = PBXFileReference; fileEncoding = 4; lastKnownFileType = sourcecode.c.h; path = SeatsProgressView.h; sourceTree = "<group>"; };
		E18681FB1C1AB47C0054EA41 /* SeatsProgressView.m */ = {isa = PBXFileReference; fileEncoding = 4; lastKnownFileType = sourcecode.c.objc; path = SeatsProgressView.m; sourceTree = "<group>"; };
		E186E2C41C425AA0001FA9A6 /* SeatTableHeaderView.h */ = {isa = PBXFileReference; fileEncoding = 4; lastKnownFileType = sourcecode.c.h; path = SeatTableHeaderView.h; sourceTree = "<group>"; };
		E186E2C51C425AA0001FA9A6 /* SeatTableHeaderView.m */ = {isa = PBXFileReference; fileEncoding = 4; lastKnownFileType = sourcecode.c.objc; path = SeatTableHeaderView.m; sourceTree = "<group>"; };
		E186E2C71C425ABA001FA9A6 /* SeatTableHeaderView.xib */ = {isa = PBXFileReference; fileEncoding = 4; lastKnownFileType = file.xib; path = SeatTableHeaderView.xib; sourceTree = "<group>"; };
		E186E2C91C426916001FA9A6 /* SettingTableViewController.h */ = {isa = PBXFileReference; fileEncoding = 4; lastKnownFileType = sourcecode.c.h; path = SettingTableViewController.h; sourceTree = "<group>"; };
		E186E2CA1C426916001FA9A6 /* SettingTableViewController.m */ = {isa = PBXFileReference; fileEncoding = 4; lastKnownFileType = sourcecode.c.objc; path = SettingTableViewController.m; sourceTree = "<group>"; };
		E186E2CC1C42807B001FA9A6 /* TimeTableViewCell.h */ = {isa = PBXFileReference; fileEncoding = 4; lastKnownFileType = sourcecode.c.h; path = TimeTableViewCell.h; sourceTree = "<group>"; };
		E186E2CD1C42807B001FA9A6 /* TimeTableViewCell.m */ = {isa = PBXFileReference; fileEncoding = 4; lastKnownFileType = sourcecode.c.objc; path = TimeTableViewCell.m; sourceTree = "<group>"; };
		E186E2CE1C42807B001FA9A6 /* TimeTableViewCell.xib */ = {isa = PBXFileReference; fileEncoding = 4; lastKnownFileType = file.xib; path = TimeTableViewCell.xib; sourceTree = "<group>"; };
		E18908AC1C87EC7700B99325 /* Venue+CoreDataProperties.h */ = {isa = PBXFileReference; fileEncoding = 4; lastKnownFileType = sourcecode.c.h; path = "Venue+CoreDataProperties.h"; sourceTree = "<group>"; };
		E18908AD1C87EC7700B99325 /* Venue+CoreDataProperties.m */ = {isa = PBXFileReference; fileEncoding = 4; lastKnownFileType = sourcecode.c.objc; path = "Venue+CoreDataProperties.m"; sourceTree = "<group>"; };
		E18908AE1C87EC7700B99325 /* Library+CoreDataProperties.h */ = {isa = PBXFileReference; fileEncoding = 4; lastKnownFileType = sourcecode.c.h; path = "Library+CoreDataProperties.h"; sourceTree = "<group>"; };
		E18908AF1C87EC7700B99325 /* Library+CoreDataProperties.m */ = {isa = PBXFileReference; fileEncoding = 4; lastKnownFileType = sourcecode.c.objc; path = "Library+CoreDataProperties.m"; sourceTree = "<group>"; };
		E18908B01C87EC7700B99325 /* Notice+CoreDataProperties.h */ = {isa = PBXFileReference; fileEncoding = 4; lastKnownFileType = sourcecode.c.h; path = "Notice+CoreDataProperties.h"; sourceTree = "<group>"; };
		E18908B11C87EC7700B99325 /* Notice+CoreDataProperties.m */ = {isa = PBXFileReference; fileEncoding = 4; lastKnownFileType = sourcecode.c.objc; path = "Notice+CoreDataProperties.m"; sourceTree = "<group>"; };
		E18908BB1C87F38200B99325 /* persistentStore */ = {isa = PBXFileReference; lastKnownFileType = file; path = persistentStore; sourceTree = "<group>"; };
		E18908BC1C87F38200B99325 /* persistentStore-wal */ = {isa = PBXFileReference; lastKnownFileType = file; path = "persistentStore-wal"; sourceTree = "<group>"; };
		E18908BD1C87F38200B99325 /* persistentStore-shm */ = {isa = PBXFileReference; lastKnownFileType = file; path = "persistentStore-shm"; sourceTree = "<group>"; };
		E1A6DD2E1C2A81E200A36E6D /* MineViewController.h */ = {isa = PBXFileReference; fileEncoding = 4; lastKnownFileType = sourcecode.c.h; path = MineViewController.h; sourceTree = "<group>"; };
		E1A6DD2F1C2A81E200A36E6D /* MineViewController.m */ = {isa = PBXFileReference; fileEncoding = 4; lastKnownFileType = sourcecode.c.objc; path = MineViewController.m; sourceTree = "<group>"; };
		E1A878871C17CB7300548FC5 /* SignInQRCodeViewController.h */ = {isa = PBXFileReference; fileEncoding = 4; lastKnownFileType = sourcecode.c.h; path = SignInQRCodeViewController.h; sourceTree = "<group>"; };
		E1A878881C17CB7300548FC5 /* SignInQRCodeViewController.m */ = {isa = PBXFileReference; fileEncoding = 4; lastKnownFileType = sourcecode.c.objc; path = SignInQRCodeViewController.m; sourceTree = "<group>"; };
		E1B5B7A51C15D59B00CD2981 /* EZSeats.app */ = {isa = PBXFileReference; explicitFileType = wrapper.application; includeInIndex = 0; path = EZSeats.app; sourceTree = BUILT_PRODUCTS_DIR; };
		E1B5B7A91C15D59B00CD2981 /* main.m */ = {isa = PBXFileReference; lastKnownFileType = sourcecode.c.objc; path = main.m; sourceTree = "<group>"; };
		E1B5B7AB1C15D59B00CD2981 /* AppDelegate.h */ = {isa = PBXFileReference; lastKnownFileType = sourcecode.c.h; path = AppDelegate.h; sourceTree = "<group>"; };
		E1B5B7AC1C15D59B00CD2981 /* AppDelegate.m */ = {isa = PBXFileReference; lastKnownFileType = sourcecode.c.objc; path = AppDelegate.m; sourceTree = "<group>"; };
		E1B5B7B21C15D59B00CD2981 /* Base */ = {isa = PBXFileReference; lastKnownFileType = file.storyboard; name = Base; path = Base.lproj/Main.storyboard; sourceTree = "<group>"; };
		E1B5B7B41C15D59B00CD2981 /* Assets.xcassets */ = {isa = PBXFileReference; lastKnownFileType = folder.assetcatalog; path = Assets.xcassets; sourceTree = "<group>"; };
		E1B5B7B71C15D59B00CD2981 /* Base */ = {isa = PBXFileReference; lastKnownFileType = file.storyboard; name = Base; path = Base.lproj/LaunchScreen.storyboard; sourceTree = "<group>"; };
		E1B5B7B91C15D59B00CD2981 /* Info.plist */ = {isa = PBXFileReference; lastKnownFileType = text.plist.xml; path = Info.plist; sourceTree = "<group>"; };
		E1B5B7BE1C15D59B00CD2981 /* LibrarySeatsTests.xctest */ = {isa = PBXFileReference; explicitFileType = wrapper.cfbundle; includeInIndex = 0; path = LibrarySeatsTests.xctest; sourceTree = BUILT_PRODUCTS_DIR; };
		E1B5B7C91C15D59B00CD2981 /* LibrarySeatsUITests.xctest */ = {isa = PBXFileReference; explicitFileType = wrapper.cfbundle; includeInIndex = 0; path = LibrarySeatsUITests.xctest; sourceTree = BUILT_PRODUCTS_DIR; };
		E1B5B7DB1C15D8C000CD2981 /* LibrarySeatsTabBarController.h */ = {isa = PBXFileReference; fileEncoding = 4; lastKnownFileType = sourcecode.c.h; path = LibrarySeatsTabBarController.h; sourceTree = "<group>"; };
		E1B5B7DC1C15D8C000CD2981 /* LibrarySeatsTabBarController.m */ = {isa = PBXFileReference; fileEncoding = 4; lastKnownFileType = sourcecode.c.objc; path = LibrarySeatsTabBarController.m; sourceTree = "<group>"; };
		E1B88E4B1C41473500CE2F2B /* SeatTableViewCell.h */ = {isa = PBXFileReference; fileEncoding = 4; lastKnownFileType = sourcecode.c.h; path = SeatTableViewCell.h; sourceTree = "<group>"; };
		E1B88E4C1C41473500CE2F2B /* SeatTableViewCell.m */ = {isa = PBXFileReference; fileEncoding = 4; lastKnownFileType = sourcecode.c.objc; path = SeatTableViewCell.m; sourceTree = "<group>"; };
		E1B88E4F1C41476600CE2F2B /* SeatTableViewCell.xib */ = {isa = PBXFileReference; fileEncoding = 4; lastKnownFileType = file.xib; path = SeatTableViewCell.xib; sourceTree = "<group>"; };
		E1BEDBCF1C1D600C0039F642 /* DetailViewController.h */ = {isa = PBXFileReference; fileEncoding = 4; lastKnownFileType = sourcecode.c.h; path = DetailViewController.h; sourceTree = "<group>"; };
		E1BEDBD01C1D600C0039F642 /* DetailViewController.m */ = {isa = PBXFileReference; fileEncoding = 4; lastKnownFileType = sourcecode.c.objc; path = DetailViewController.m; sourceTree = "<group>"; };
		E1C762491C22A438006977C1 /* NoticesViewController.h */ = {isa = PBXFileReference; fileEncoding = 4; lastKnownFileType = sourcecode.c.h; path = NoticesViewController.h; sourceTree = "<group>"; };
		E1C7624A1C22A438006977C1 /* NoticesViewController.m */ = {isa = PBXFileReference; fileEncoding = 4; lastKnownFileType = sourcecode.c.objc; path = NoticesViewController.m; sourceTree = "<group>"; };
		E1C7624C1C22AE33006977C1 /* WebViewController.h */ = {isa = PBXFileReference; fileEncoding = 4; lastKnownFileType = sourcecode.c.h; path = WebViewController.h; sourceTree = "<group>"; };
		E1C7624D1C22AE33006977C1 /* WebViewController.m */ = {isa = PBXFileReference; fileEncoding = 4; lastKnownFileType = sourcecode.c.objc; path = WebViewController.m; sourceTree = "<group>"; };
		E1CEEBDF1C3AC0430056089E /* LocationHandler.h */ = {isa = PBXFileReference; fileEncoding = 4; lastKnownFileType = sourcecode.c.h; path = LocationHandler.h; sourceTree = "<group>"; };
		E1CEEBE01C3AC0430056089E /* LocationHandler.m */ = {isa = PBXFileReference; fileEncoding = 4; lastKnownFileType = sourcecode.c.objc; path = LocationHandler.m; sourceTree = "<group>"; };
		E1DA785B1C311A7700402E3F /* MineFooterView.h */ = {isa = PBXFileReference; fileEncoding = 4; lastKnownFileType = sourcecode.c.h; path = MineFooterView.h; sourceTree = "<group>"; };
		E1DA785C1C311A7700402E3F /* MineFooterView.m */ = {isa = PBXFileReference; fileEncoding = 4; lastKnownFileType = sourcecode.c.objc; path = MineFooterView.m; sourceTree = "<group>"; };
		E1DA785E1C311A9500402E3F /* MineFooterView.xib */ = {isa = PBXFileReference; fileEncoding = 4; lastKnownFileType = file.xib; path = MineFooterView.xib; sourceTree = "<group>"; };
		E1DA78621C31616E00402E3F /* BookingViewController.h */ = {isa = PBXFileReference; fileEncoding = 4; lastKnownFileType = sourcecode.c.h; path = BookingViewController.h; sourceTree = "<group>"; };
		E1DA78631C31616E00402E3F /* BookingViewController.m */ = {isa = PBXFileReference; fileEncoding = 4; lastKnownFileType = sourcecode.c.objc; path = BookingViewController.m; sourceTree = "<group>"; };
		E1DDCCF21C2B932100264802 /* LibrarySeatsHeaders.h */ = {isa = PBXFileReference; fileEncoding = 4; lastKnownFileType = sourcecode.c.h; path = LibrarySeatsHeaders.h; sourceTree = "<group>"; };
		E1DDCCF31C2B932100264802 /* LibrarySeatsHeaders.m */ = {isa = PBXFileReference; fileEncoding = 4; lastKnownFileType = sourcecode.c.objc; path = LibrarySeatsHeaders.m; sourceTree = "<group>"; };
		E1DDCCF51C2B94CB00264802 /* LibrarySeatsPrefix.pch */ = {isa = PBXFileReference; lastKnownFileType = sourcecode.c.h; path = LibrarySeatsPrefix.pch; sourceTree = "<group>"; };
		E1DE60471CA6A6D400B2A027 /* VenueSeatsViewController.h */ = {isa = PBXFileReference; fileEncoding = 4; lastKnownFileType = sourcecode.c.h; path = VenueSeatsViewController.h; sourceTree = "<group>"; };
		E1DE60481CA6A6D400B2A027 /* VenueSeatsViewController.m */ = {isa = PBXFileReference; fileEncoding = 4; lastKnownFileType = sourcecode.c.objc; path = VenueSeatsViewController.m; sourceTree = "<group>"; };
		E1DF336D1C30C42400C5B9A7 /* LoginViewController.h */ = {isa = PBXFileReference; fileEncoding = 4; lastKnownFileType = sourcecode.c.h; path = LoginViewController.h; sourceTree = "<group>"; };
		E1DF336E1C30C42400C5B9A7 /* LoginViewController.m */ = {isa = PBXFileReference; fileEncoding = 4; lastKnownFileType = sourcecode.c.objc; path = LoginViewController.m; sourceTree = "<group>"; };
		E1E34D311C882D1B00858F76 /* NoticeDetailViewController.h */ = {isa = PBXFileReference; fileEncoding = 4; lastKnownFileType = sourcecode.c.h; path = NoticeDetailViewController.h; sourceTree = "<group>"; };
		E1E34D321C882D1B00858F76 /* NoticeDetailViewController.m */ = {isa = PBXFileReference; fileEncoding = 4; lastKnownFileType = sourcecode.c.objc; path = NoticeDetailViewController.m; sourceTree = "<group>"; };
		E1E34D331C882D1B00858F76 /* NoticeDetailViewController.xib */ = {isa = PBXFileReference; fileEncoding = 4; lastKnownFileType = file.xib; path = NoticeDetailViewController.xib; sourceTree = "<group>"; };
		E1F07E5F1C44E83600A4FCF8 /* LeftTimeView.h */ = {isa = PBXFileReference; fileEncoding = 4; lastKnownFileType = sourcecode.c.h; path = LeftTimeView.h; sourceTree = "<group>"; };
		E1F07E601C44E83600A4FCF8 /* LeftTimeView.m */ = {isa = PBXFileReference; fileEncoding = 4; lastKnownFileType = sourcecode.c.objc; path = LeftTimeView.m; sourceTree = "<group>"; };
		E1F07E621C44E84E00A4FCF8 /* LeftTimeView.xib */ = {isa = PBXFileReference; fileEncoding = 4; lastKnownFileType = file.xib; path = LeftTimeView.xib; sourceTree = "<group>"; };
		E1F47CB71C42B17E0081CF45 /* CMPopTipView.h */ = {isa = PBXFileReference; fileEncoding = 4; lastKnownFileType = sourcecode.c.h; path = CMPopTipView.h; sourceTree = "<group>"; };
		E1F47CB81C42B17E0081CF45 /* CMPopTipView.m */ = {isa = PBXFileReference; fileEncoding = 4; lastKnownFileType = sourcecode.c.objc; path = CMPopTipView.m; sourceTree = "<group>"; };
		E1F5709C1C3A0766009E65DA /* CustomBookingView.h */ = {isa = PBXFileReference; fileEncoding = 4; lastKnownFileType = sourcecode.c.h; path = CustomBookingView.h; sourceTree = "<group>"; };
		E1F5709D1C3A0766009E65DA /* CustomBookingView.m */ = {isa = PBXFileReference; fileEncoding = 4; lastKnownFileType = sourcecode.c.objc; path = CustomBookingView.m; sourceTree = "<group>"; };
		E1F5709F1C3A077B009E65DA /* CustomBookingView.xib */ = {isa = PBXFileReference; fileEncoding = 4; lastKnownFileType = file.xib; path = CustomBookingView.xib; sourceTree = "<group>"; };
		E1FF1D941C434C0E00CCB46F /* NetworkHandler.h */ = {isa = PBXFileReference; fileEncoding = 4; lastKnownFileType = sourcecode.c.h; path = NetworkHandler.h; sourceTree = "<group>"; };
		E1FF1D951C434C0E00CCB46F /* NetworkHandler.m */ = {isa = PBXFileReference; fileEncoding = 4; lastKnownFileType = sourcecode.c.objc; path = NetworkHandler.m; sourceTree = "<group>"; };
/* End PBXFileReference section */

/* Begin PBXFrameworksBuildPhase section */
		E1B5B7A21C15D59B00CD2981 /* Frameworks */ = {
			isa = PBXFrameworksBuildPhase;
			buildActionMask = 2147483647;
			files = (
				9D315C0587E49B7C38CB0C13 /* libPods.a in Frameworks */,
			);
			runOnlyForDeploymentPostprocessing = 0;
		};
		E1B5B7BB1C15D59B00CD2981 /* Frameworks */ = {
			isa = PBXFrameworksBuildPhase;
			buildActionMask = 2147483647;
			files = (
			);
			runOnlyForDeploymentPostprocessing = 0;
		};
		E1B5B7C61C15D59B00CD2981 /* Frameworks */ = {
			isa = PBXFrameworksBuildPhase;
			buildActionMask = 2147483647;
			files = (
			);
			runOnlyForDeploymentPostprocessing = 0;
		};
/* End PBXFrameworksBuildPhase section */

/* Begin PBXGroup section */
		218FEE5060BE78FE40C972A3 /* Frameworks */ = {
			isa = PBXGroup;
			children = (
				32F4C100E03EF1241931D0EE /* libPods.a */,
			);
			name = Frameworks;
			sourceTree = "<group>";
		};
		371A54E9AE948B9FC368E2AB /* Pods */ = {
			isa = PBXGroup;
			children = (
				6F021ECA0ECAC1E3106226FE /* Pods.debug.xcconfig */,
				B26053295D024FF084BCCF28 /* Pods.release.xcconfig */,
			);
			name = Pods;
			sourceTree = "<group>";
		};
		E13206501C8067BA002DE512 /* Venue */ = {
			isa = PBXGroup;
			children = (
				E13206441C806764002DE512 /* Venue.h */,
				E13206451C806764002DE512 /* Venue.m */,
				E18908AC1C87EC7700B99325 /* Venue+CoreDataProperties.h */,
				E18908AD1C87EC7700B99325 /* Venue+CoreDataProperties.m */,
			);
			name = Venue;
			sourceTree = "<group>";
		};
		E13206511C8067C3002DE512 /* Library */ = {
			isa = PBXGroup;
			children = (
				E18908AE1C87EC7700B99325 /* Library+CoreDataProperties.h */,
				E18908AF1C87EC7700B99325 /* Library+CoreDataProperties.m */,
				E13206461C806764002DE512 /* Library.h */,
				E13206471C806764002DE512 /* Library.m */,
			);
			name = Library;
			sourceTree = "<group>";
		};
		E13206521C8067CC002DE512 /* Seat */ = {
			isa = PBXGroup;
			children = (
				E13206481C806764002DE512 /* Seat.h */,
				E13206491C806764002DE512 /* Seat.m */,
			);
			name = Seat;
			sourceTree = "<group>";
		};
		E13206531C8067D5002DE512 /* User */ = {
			isa = PBXGroup;
			children = (
				E17574C91C8166D40047E843 /* User.h */,
				E17574CA1C8166DF0047E843 /* User.m */,
			);
			name = User;
			sourceTree = "<group>";
		};
		E13206541C8067DC002DE512 /* Notice */ = {
			isa = PBXGroup;
			children = (
				E18908B01C87EC7700B99325 /* Notice+CoreDataProperties.h */,
				E18908B11C87EC7700B99325 /* Notice+CoreDataProperties.m */,
				E132063C1C806700002DE512 /* Notice.h */,
				E132063D1C806700002DE512 /* Notice.m */,
			);
			name = Notice;
			sourceTree = "<group>";
		};
		E14180321C21B33100195B75 /* TipsView */ = {
			isa = PBXGroup;
			children = (
				E14180271C21365700195B75 /* Tip.h */,
				E14180281C21365700195B75 /* Tip.m */,
				E14180241C210F9B00195B75 /* TipsView.h */,
				E14180251C210F9B00195B75 /* TipsView.m */,
			);
			name = TipsView;
			sourceTree = "<group>";
		};
		E14180331C21B34300195B75 /* Controller */ = {
			isa = PBXGroup;
			children = (
				E12744A41C1BFA8700698286 /* SeatsViewController.h */,
				E12744A51C1BFA8700698286 /* SeatsViewController.m */,
				E1DE60471CA6A6D400B2A027 /* VenueSeatsViewController.h */,
				E1DE60481CA6A6D400B2A027 /* VenueSeatsViewController.m */,
			);
			name = Controller;
			sourceTree = "<group>";
		};
		E14180351C21B38100195B75 /* Supporting Files */ = {
			isa = PBXGroup;
			children = (
				E141802A1C21B2BF00195B75 /* imageInfo.plist */,
			);
			name = "Supporting Files";
			sourceTree = "<group>";
		};
		E14180361C21B4EB00195B75 /* Views */ = {
			isa = PBXGroup;
			children = (
				E17F13481C16BF5B00B2D0FB /* RollingImageScrollView.h */,
				E17F13491C16BF5B00B2D0FB /* RollingImageScrollView.m */,
			);
			name = Views;
			sourceTree = "<group>";
		};
		E1770ADF1C463DAA00DC4594 /* YALSunnyRefreshControl */ = {
			isa = PBXGroup;
			children = (
				E1770ADA1C463DA300DC4594 /* YALSunnyRefreshControl.h */,
				E1770ADB1C463DA300DC4594 /* YALSunnyRefreshControl.m */,
				E1770ADC1C463DA300DC4594 /* YALSunnyRefreshControl.xib */,
			);
			name = YALSunnyRefreshControl;
			sourceTree = "<group>";
		};
		E17B746B1C43A039005F6F1E /* PQFCustomLoaders */ = {
			isa = PBXGroup;
			children = (
				E17B746E1C43A039005F6F1E /* PQFBouncingBalls.h */,
				E17B746F1C43A039005F6F1E /* PQFBouncingBalls.m */,
				E17B74721C43A039005F6F1E /* PQFCustomLoaders.h */,
			);
			path = PQFCustomLoaders;
			sourceTree = "<group>";
		};
		E17F13421C16B5C800B2D0FB /* Notice */ = {
			isa = PBXGroup;
			children = (
				E14180351C21B38100195B75 /* Supporting Files */,
				E1A6DD2D1C2A818F00A36E6D /* Controller */,
				E14180361C21B4EB00195B75 /* Views */,
			);
			name = Notice;
			sourceTree = "<group>";
		};
		E17F134E1C16D1B700B2D0FB /* Main */ = {
			isa = PBXGroup;
			children = (
				E1B5B7AB1C15D59B00CD2981 /* AppDelegate.h */,
				E1B5B7AC1C15D59B00CD2981 /* AppDelegate.m */,
				E1B5B7B11C15D59B00CD2981 /* Main.storyboard */,
				E1B5B7DB1C15D8C000CD2981 /* LibrarySeatsTabBarController.h */,
				E1B5B7DC1C15D8C000CD2981 /* LibrarySeatsTabBarController.m */,
				E1B5B7B61C15D59B00CD2981 /* LaunchScreen.storyboard */,
			);
			name = Main;
			sourceTree = "<group>";
		};
		E17F134F1C16D1ED00B2D0FB /* Mine */ = {
			isa = PBXGroup;
			children = (
				E1A6DD331C2A853F00A36E6D /* Controller */,
				E1A6DD3D1C2A906D00A36E6D /* Views */,
			);
			name = Mine;
			sourceTree = "<group>";
		};
		E18085611C465BB9004156DF /* BaseNetworkHandler */ = {
			isa = PBXGroup;
			children = (
				E1FF1D941C434C0E00CCB46F /* NetworkHandler.h */,
				E1FF1D951C434C0E00CCB46F /* NetworkHandler.m */,
			);
			name = BaseNetworkHandler;
			sourceTree = "<group>";
		};
		E18681FD1C1AB49E0054EA41 /* Venues */ = {
			isa = PBXGroup;
			children = (
				E14180331C21B34300195B75 /* Controller */,
				E1B88E4E1C41473A00CE2F2B /* View */,
			);
			name = Venues;
			sourceTree = "<group>";
		};
		E18D6D601C82055B00C2BBBD /* StoreContent */ = {
			isa = PBXGroup;
			children = (
				E18908BB1C87F38200B99325 /* persistentStore */,
				E18908BC1C87F38200B99325 /* persistentStore-wal */,
				E18908BD1C87F38200B99325 /* persistentStore-shm */,
			);
			path = StoreContent;
			sourceTree = "<group>";
		};
		E1A6DD2D1C2A818F00A36E6D /* Controller */ = {
			isa = PBXGroup;
			children = (
				E1C762491C22A438006977C1 /* NoticesViewController.h */,
				E1C7624A1C22A438006977C1 /* NoticesViewController.m */,
				E1C7624C1C22AE33006977C1 /* WebViewController.h */,
				E1C7624D1C22AE33006977C1 /* WebViewController.m */,
				E1E34D311C882D1B00858F76 /* NoticeDetailViewController.h */,
				E1E34D321C882D1B00858F76 /* NoticeDetailViewController.m */,
				E1E34D331C882D1B00858F76 /* NoticeDetailViewController.xib */,
			);
			name = Controller;
			sourceTree = "<group>";
		};
		E1A6DD331C2A853F00A36E6D /* Controller */ = {
			isa = PBXGroup;
			children = (
				E1A6DD2E1C2A81E200A36E6D /* MineViewController.h */,
				E1A6DD2F1C2A81E200A36E6D /* MineViewController.m */,
				E186E2C91C426916001FA9A6 /* SettingTableViewController.h */,
				E186E2CA1C426916001FA9A6 /* SettingTableViewController.m */,
				E180856B1C466BE4004156DF /* InformationTableViewController.h */,
				E180856C1C466BE4004156DF /* InformationTableViewController.m */,
				E180856D1C466BE4004156DF /* InformationTableViewController.xib */,
			);
			name = Controller;
			sourceTree = "<group>";
		};
		E1A6DD3C1C2A900E00A36E6D /* Model */ = {
			isa = PBXGroup;
			children = (
				E132062F1C806344002DE512 /* LibrarySeatsModel.xcdatamodeld */,
				E13206501C8067BA002DE512 /* Venue */,
				E13206511C8067C3002DE512 /* Library */,
				E13206521C8067CC002DE512 /* Seat */,
				E13206531C8067D5002DE512 /* User */,
				E13206541C8067DC002DE512 /* Notice */,
			);
			name = Model;
			sourceTree = "<group>";
		};
		E1A6DD3D1C2A906D00A36E6D /* Views */ = {
			isa = PBXGroup;
			children = (
				E1DA785B1C311A7700402E3F /* MineFooterView.h */,
				E1DA785C1C311A7700402E3F /* MineFooterView.m */,
				E1DA785E1C311A9500402E3F /* MineFooterView.xib */,
				E186E2CC1C42807B001FA9A6 /* TimeTableViewCell.h */,
				E186E2CD1C42807B001FA9A6 /* TimeTableViewCell.m */,
				E186E2CE1C42807B001FA9A6 /* TimeTableViewCell.xib */,
				E18085701C466D31004156DF /* AvatorTableViewCell.h */,
				E18085711C466D31004156DF /* AvatorTableViewCell.m */,
				E18085721C466D31004156DF /* AvatorTableViewCell.xib */,
			);
			name = Views;
			sourceTree = "<group>";
		};
		E1A878861C17CAE200548FC5 /* SignIn */ = {
			isa = PBXGroup;
			children = (
				E1A878871C17CB7300548FC5 /* SignInQRCodeViewController.h */,
				E1A878881C17CB7300548FC5 /* SignInQRCodeViewController.m */,
			);
			name = SignIn;
			sourceTree = "<group>";
		};
		E1B5B79C1C15D59B00CD2981 = {
			isa = PBXGroup;
			children = (
				E1B5B7A71C15D59B00CD2981 /* LibrarySeats */,
				E1B5B7A61C15D59B00CD2981 /* Products */,
				371A54E9AE948B9FC368E2AB /* Pods */,
				218FEE5060BE78FE40C972A3 /* Frameworks */,
			);
			sourceTree = "<group>";
		};
		E1B5B7A61C15D59B00CD2981 /* Products */ = {
			isa = PBXGroup;
			children = (
				E1B5B7A51C15D59B00CD2981 /* EZSeats.app */,
				E1B5B7BE1C15D59B00CD2981 /* LibrarySeatsTests.xctest */,
				E1B5B7C91C15D59B00CD2981 /* LibrarySeatsUITests.xctest */,
			);
			name = Products;
			sourceTree = "<group>";
		};
		E1B5B7A71C15D59B00CD2981 /* LibrarySeats */ = {
			isa = PBXGroup;
			children = (
				E1A6DD3C1C2A900E00A36E6D /* Model */,
				E1FF1D971C434C7000CCB46F /* Network */,
				E17F134E1C16D1B700B2D0FB /* Main */,
				E1DDCCF61C2B9AE500264802 /* Login */,
				E1CEEBDE1C3ABFE10056089E /* Location */,
				E1A878861C17CAE200548FC5 /* SignIn */,
				E18681FD1C1AB49E0054EA41 /* Venues */,
				E1DE60461CA6A69700B2A027 /* Seats */,
				E17F13421C16B5C800B2D0FB /* Notice */,
				E1DA78651C31617300402E3F /* Booking */,
				E17F134F1C16D1ED00B2D0FB /* Mine */,
				E1D07DBA1C2036BA00CC04FE /* Libs */,
				E1B5B7A81C15D59B00CD2981 /* Supporting Files */,
			);
			path = LibrarySeats;
			sourceTree = "<group>";
		};
		E1B5B7A81C15D59B00CD2981 /* Supporting Files */ = {
			isa = PBXGroup;
			children = (
				E18D6D601C82055B00C2BBBD /* StoreContent */,
				E1B5B7B41C15D59B00CD2981 /* Assets.xcassets */,
				E1B5B7B91C15D59B00CD2981 /* Info.plist */,
				E1B5B7A91C15D59B00CD2981 /* main.m */,
				E1DDCCF21C2B932100264802 /* LibrarySeatsHeaders.h */,
				E1DDCCF31C2B932100264802 /* LibrarySeatsHeaders.m */,
				E1DDCCF51C2B94CB00264802 /* LibrarySeatsPrefix.pch */,
			);
			name = "Supporting Files";
			sourceTree = "<group>";
		};
		E1B88E4E1C41473A00CE2F2B /* View */ = {
			isa = PBXGroup;
			children = (
				E1B88E4B1C41473500CE2F2B /* SeatTableViewCell.h */,
				E1B88E4C1C41473500CE2F2B /* SeatTableViewCell.m */,
				E1B88E4F1C41476600CE2F2B /* SeatTableViewCell.xib */,
				E186E2C41C425AA0001FA9A6 /* SeatTableHeaderView.h */,
				E186E2C51C425AA0001FA9A6 /* SeatTableHeaderView.m */,
				E186E2C71C425ABA001FA9A6 /* SeatTableHeaderView.xib */,
			);
			name = View;
			sourceTree = "<group>";
		};
		E1CEEBDE1C3ABFE10056089E /* Location */ = {
			isa = PBXGroup;
			children = (
				E1CEEBDF1C3AC0430056089E /* LocationHandler.h */,
				E1CEEBE01C3AC0430056089E /* LocationHandler.m */,
			);
			name = Location;
			sourceTree = "<group>";
		};
		E1D07DBA1C2036BA00CC04FE /* Libs */ = {
			isa = PBXGroup;
			children = (
				E17B746B1C43A039005F6F1E /* PQFCustomLoaders */,
				E1770ADF1C463DAA00DC4594 /* YALSunnyRefreshControl */,
				E1F47CBA1C42B1950081CF45 /* PopTipView */,
				E1F47CB61C42B15E0081CF45 /* SeatSelector */,
			);
			name = Libs;
			sourceTree = "<group>";
		};
		E1DA78651C31617300402E3F /* Booking */ = {
			isa = PBXGroup;
			children = (
				E1DA78661C31619300402E3F /* Controller */,
				E1DA786A1C3161D200402E3F /* Views */,
			);
			name = Booking;
			sourceTree = "<group>";
		};
		E1DA78661C31619300402E3F /* Controller */ = {
			isa = PBXGroup;
			children = (
				E1DA78621C31616E00402E3F /* BookingViewController.h */,
				E1DA78631C31616E00402E3F /* BookingViewController.m */,
			);
			name = Controller;
			sourceTree = "<group>";
		};
		E1DA786A1C3161D200402E3F /* Views */ = {
			isa = PBXGroup;
			children = (
				E14180321C21B33100195B75 /* TipsView */,
				E1F5709C1C3A0766009E65DA /* CustomBookingView.h */,
				E1F5709D1C3A0766009E65DA /* CustomBookingView.m */,
				E1F5709F1C3A077B009E65DA /* CustomBookingView.xib */,
				E18681FA1C1AB47C0054EA41 /* SeatsProgressView.h */,
				E18681FB1C1AB47C0054EA41 /* SeatsProgressView.m */,
				E1F07E5F1C44E83600A4FCF8 /* LeftTimeView.h */,
				E1F07E601C44E83600A4FCF8 /* LeftTimeView.m */,
				E1F07E621C44E84E00A4FCF8 /* LeftTimeView.xib */,
			);
			name = Views;
			sourceTree = "<group>";
		};
		E1DDCCF61C2B9AE500264802 /* Login */ = {
			isa = PBXGroup;
			children = (
				E1DF336D1C30C42400C5B9A7 /* LoginViewController.h */,
				E1DF336E1C30C42400C5B9A7 /* LoginViewController.m */,
			);
			name = Login;
			sourceTree = "<group>";
		};
		E1DE60461CA6A69700B2A027 /* Seats */ = {
			isa = PBXGroup;
			children = (
				E1BEDBCF1C1D600C0039F642 /* DetailViewController.h */,
				E1BEDBD01C1D600C0039F642 /* DetailViewController.m */,
			);
			name = Seats;
			sourceTree = "<group>";
		};
		E1F47CB61C42B15E0081CF45 /* SeatSelector */ = {
			isa = PBXGroup;
			children = (
				E141802C1C21B30E00195B75 /* ZSeat.h */,
				E141802D1C21B30E00195B75 /* ZSeat.m */,
				E141802E1C21B30E00195B75 /* ZSeatSelector.h */,
				E141802F1C21B30E00195B75 /* ZSeatSelector.m */,
			);
			name = SeatSelector;
			sourceTree = "<group>";
		};
		E1F47CBA1C42B1950081CF45 /* PopTipView */ = {
			isa = PBXGroup;
			children = (
				E1F47CB71C42B17E0081CF45 /* CMPopTipView.h */,
				E1F47CB81C42B17E0081CF45 /* CMPopTipView.m */,
			);
			name = PopTipView;
			sourceTree = "<group>";
		};
		E1FF1D971C434C7000CCB46F /* Network */ = {
			isa = PBXGroup;
			children = (
				E18085611C465BB9004156DF /* BaseNetworkHandler */,
			);
			name = Network;
			sourceTree = "<group>";
		};
/* End PBXGroup section */

/* Begin PBXNativeTarget section */
		E1B5B7A41C15D59B00CD2981 /* LibrarySeats */ = {
			isa = PBXNativeTarget;
			buildConfigurationList = E1B5B7D21C15D59B00CD2981 /* Build configuration list for PBXNativeTarget "LibrarySeats" */;
			buildPhases = (
				BE0226C05BCF9D1CAEF5D585 /* Check Pods Manifest.lock */,
				E1B5B7A11C15D59B00CD2981 /* Sources */,
				E1B5B7A21C15D59B00CD2981 /* Frameworks */,
				E1B5B7A31C15D59B00CD2981 /* Resources */,
				8B0AD3779123CA119015EFB7 /* Embed Pods Frameworks */,
				95036973B3360E64858E7BAC /* Copy Pods Resources */,
			);
			buildRules = (
			);
			dependencies = (
			);
			name = LibrarySeats;
			productName = LibrarySeats;
			productReference = E1B5B7A51C15D59B00CD2981 /* EZSeats.app */;
			productType = "com.apple.product-type.application";
		};
		E1B5B7BD1C15D59B00CD2981 /* LibrarySeatsTests */ = {
			isa = PBXNativeTarget;
			buildConfigurationList = E1B5B7D51C15D59B00CD2981 /* Build configuration list for PBXNativeTarget "LibrarySeatsTests" */;
			buildPhases = (
				E1B5B7BA1C15D59B00CD2981 /* Sources */,
				E1B5B7BB1C15D59B00CD2981 /* Frameworks */,
				E1B5B7BC1C15D59B00CD2981 /* Resources */,
			);
			buildRules = (
			);
			dependencies = (
				E1B5B7C01C15D59B00CD2981 /* PBXTargetDependency */,
			);
			name = LibrarySeatsTests;
			productName = LibrarySeatsTests;
			productReference = E1B5B7BE1C15D59B00CD2981 /* LibrarySeatsTests.xctest */;
			productType = "com.apple.product-type.bundle.unit-test";
		};
		E1B5B7C81C15D59B00CD2981 /* LibrarySeatsUITests */ = {
			isa = PBXNativeTarget;
			buildConfigurationList = E1B5B7D81C15D59B00CD2981 /* Build configuration list for PBXNativeTarget "LibrarySeatsUITests" */;
			buildPhases = (
				E1B5B7C51C15D59B00CD2981 /* Sources */,
				E1B5B7C61C15D59B00CD2981 /* Frameworks */,
				E1B5B7C71C15D59B00CD2981 /* Resources */,
			);
			buildRules = (
			);
			dependencies = (
				E1B5B7CB1C15D59B00CD2981 /* PBXTargetDependency */,
			);
			name = LibrarySeatsUITests;
			productName = LibrarySeatsUITests;
			productReference = E1B5B7C91C15D59B00CD2981 /* LibrarySeatsUITests.xctest */;
			productType = "com.apple.product-type.bundle.ui-testing";
		};
/* End PBXNativeTarget section */

/* Begin PBXProject section */
		E1B5B79D1C15D59B00CD2981 /* Project object */ = {
			isa = PBXProject;
			attributes = {
				LastUpgradeCheck = 0700;
				ORGANIZATIONNAME = "阿澤";
				TargetAttributes = {
					E1B5B7A41C15D59B00CD2981 = {
						CreatedOnToolsVersion = 7.0.1;
						DevelopmentTeam = X6RJBZ5YJS;
					};
					E1B5B7BD1C15D59B00CD2981 = {
						CreatedOnToolsVersion = 7.0.1;
						DevelopmentTeam = X6RJBZ5YJS;
						TestTargetID = E1B5B7A41C15D59B00CD2981;
					};
					E1B5B7C81C15D59B00CD2981 = {
						CreatedOnToolsVersion = 7.0.1;
						DevelopmentTeam = X6RJBZ5YJS;
						TestTargetID = E1B5B7A41C15D59B00CD2981;
					};
				};
			};
			buildConfigurationList = E1B5B7A01C15D59B00CD2981 /* Build configuration list for PBXProject "LibrarySeats" */;
			compatibilityVersion = "Xcode 3.2";
			developmentRegion = English;
			hasScannedForEncodings = 0;
			knownRegions = (
				en,
				Base,
			);
			mainGroup = E1B5B79C1C15D59B00CD2981;
			productRefGroup = E1B5B7A61C15D59B00CD2981 /* Products */;
			projectDirPath = "";
			projectRoot = "";
			targets = (
				E1B5B7A41C15D59B00CD2981 /* LibrarySeats */,
				E1B5B7BD1C15D59B00CD2981 /* LibrarySeatsTests */,
				E1B5B7C81C15D59B00CD2981 /* LibrarySeatsUITests */,
			);
		};
/* End PBXProject section */

/* Begin PBXResourcesBuildPhase section */
		E1B5B7A31C15D59B00CD2981 /* Resources */ = {
			isa = PBXResourcesBuildPhase;
			buildActionMask = 2147483647;
			files = (
				E180856F1C466BE4004156DF /* InformationTableViewController.xib in Resources */,
				E18908BF1C87F38200B99325 /* persistentStore-wal in Resources */,
				E1E34D351C882D1B00858F76 /* NoticeDetailViewController.xib in Resources */,
				E1770ADE1C463DA300DC4594 /* YALSunnyRefreshControl.xib in Resources */,
				E141802B1C21B2BF00195B75 /* imageInfo.plist in Resources */,
				E18085741C466D31004156DF /* AvatorTableViewCell.xib in Resources */,
				E186E2C81C425ABA001FA9A6 /* SeatTableHeaderView.xib in Resources */,
				E18908C01C87F38200B99325 /* persistentStore-shm in Resources */,
				E1F07E631C44E84E00A4FCF8 /* LeftTimeView.xib in Resources */,
				E1DA785F1C311A9500402E3F /* MineFooterView.xib in Resources */,
				E1B5B7B81C15D59B00CD2981 /* LaunchScreen.storyboard in Resources */,
				E1F570A01C3A077B009E65DA /* CustomBookingView.xib in Resources */,
				E1B5B7B51C15D59B00CD2981 /* Assets.xcassets in Resources */,
				E1B5B7B31C15D59B00CD2981 /* Main.storyboard in Resources */,
				E186E2D01C42807B001FA9A6 /* TimeTableViewCell.xib in Resources */,
				E1B88E501C41476600CE2F2B /* SeatTableViewCell.xib in Resources */,
				E18908BE1C87F38200B99325 /* persistentStore in Resources */,
			);
			runOnlyForDeploymentPostprocessing = 0;
		};
		E1B5B7BC1C15D59B00CD2981 /* Resources */ = {
			isa = PBXResourcesBuildPhase;
			buildActionMask = 2147483647;
			files = (
			);
			runOnlyForDeploymentPostprocessing = 0;
		};
		E1B5B7C71C15D59B00CD2981 /* Resources */ = {
			isa = PBXResourcesBuildPhase;
			buildActionMask = 2147483647;
			files = (
			);
			runOnlyForDeploymentPostprocessing = 0;
		};
/* End PBXResourcesBuildPhase section */

/* Begin PBXShellScriptBuildPhase section */
		8B0AD3779123CA119015EFB7 /* Embed Pods Frameworks */ = {
			isa = PBXShellScriptBuildPhase;
			buildActionMask = 2147483647;
			files = (
			);
			inputPaths = (
			);
			name = "Embed Pods Frameworks";
			outputPaths = (
			);
			runOnlyForDeploymentPostprocessing = 0;
			shellPath = /bin/sh;
			shellScript = "\"${SRCROOT}/Pods/Target Support Files/Pods/Pods-frameworks.sh\"\n";
			showEnvVarsInLog = 0;
		};
		95036973B3360E64858E7BAC /* Copy Pods Resources */ = {
			isa = PBXShellScriptBuildPhase;
			buildActionMask = 2147483647;
			files = (
			);
			inputPaths = (
			);
			name = "Copy Pods Resources";
			outputPaths = (
			);
			runOnlyForDeploymentPostprocessing = 0;
			shellPath = /bin/sh;
			shellScript = "\"${SRCROOT}/Pods/Target Support Files/Pods/Pods-resources.sh\"\n";
			showEnvVarsInLog = 0;
		};
		BE0226C05BCF9D1CAEF5D585 /* Check Pods Manifest.lock */ = {
			isa = PBXShellScriptBuildPhase;
			buildActionMask = 2147483647;
			files = (
			);
			inputPaths = (
			);
			name = "Check Pods Manifest.lock";
			outputPaths = (
			);
			runOnlyForDeploymentPostprocessing = 0;
			shellPath = /bin/sh;
			shellScript = "diff \"${PODS_ROOT}/../Podfile.lock\" \"${PODS_ROOT}/Manifest.lock\" > /dev/null\nif [[ $? != 0 ]] ; then\n    cat << EOM\nerror: The sandbox is not in sync with the Podfile.lock. Run 'pod install' or update your CocoaPods installation.\nEOM\n    exit 1\nfi\n";
			showEnvVarsInLog = 0;
		};
/* End PBXShellScriptBuildPhase section */

/* Begin PBXSourcesBuildPhase section */
		E1B5B7A11C15D59B00CD2981 /* Sources */ = {
			isa = PBXSourcesBuildPhase;
			buildActionMask = 2147483647;
			files = (
				E1B5B7AD1C15D59B00CD2981 /* AppDelegate.m in Sources */,
				E13206311C806344002DE512 /* LibrarySeatsModel.xcdatamodeld in Sources */,
				E1DE60491CA6A6D400B2A027 /* VenueSeatsViewController.m in Sources */,
				E1C7624E1C22AE33006977C1 /* WebViewController.m in Sources */,
				E1B5B7AA1C15D59B00CD2981 /* main.m in Sources */,
				E1C7624B1C22A438006977C1 /* NoticesViewController.m in Sources */,
				E1770ADD1C463DA300DC4594 /* YALSunnyRefreshControl.m in Sources */,
				E14180301C21B30E00195B75 /* ZSeat.m in Sources */,
				E1BEDBD11C1D600C0039F642 /* DetailViewController.m in Sources */,
				E17574CB1C8166DF0047E843 /* User.m in Sources */,
				E14180261C210F9B00195B75 /* TipsView.m in Sources */,
				E1A878891C17CB7300548FC5 /* SignInQRCodeViewController.m in Sources */,
				E186E2CB1C426916001FA9A6 /* SettingTableViewController.m in Sources */,
				E1DF336F1C30C42400C5B9A7 /* LoginViewController.m in Sources */,
				E132064C1C806764002DE512 /* Venue.m in Sources */,
				E13206431C806700002DE512 /* Notice.m in Sources */,
				E1FF1D961C434C0E00CCB46F /* NetworkHandler.m in Sources */,
				E17B74741C43A039005F6F1E /* PQFBouncingBalls.m in Sources */,
				E1F07E611C44E83600A4FCF8 /* LeftTimeView.m in Sources */,
				E18085731C466D31004156DF /* AvatorTableViewCell.m in Sources */,
				E132064E1C806764002DE512 /* Seat.m in Sources */,
				E1F5709E1C3A0766009E65DA /* CustomBookingView.m in Sources */,
				E1E34D341C882D1B00858F76 /* NoticeDetailViewController.m in Sources */,
				E1DA785D1C311A7700402E3F /* MineFooterView.m in Sources */,
				E1DDCCF41C2B932100264802 /* LibrarySeatsHeaders.m in Sources */,
				E180856E1C466BE4004156DF /* InformationTableViewController.m in Sources */,
				E1B5B7DD1C15D8C000CD2981 /* LibrarySeatsTabBarController.m in Sources */,
				E1B88E4D1C41473500CE2F2B /* SeatTableViewCell.m in Sources */,
				E17F134A1C16BF5B00B2D0FB /* RollingImageScrollView.m in Sources */,
				E14180291C21365700195B75 /* Tip.m in Sources */,
				E132064D1C806764002DE512 /* Library.m in Sources */,
				E18908B21C87EC7700B99325 /* Venue+CoreDataProperties.m in Sources */,
				E18908B31C87EC7700B99325 /* Library+CoreDataProperties.m in Sources */,
				E186E2CF1C42807B001FA9A6 /* TimeTableViewCell.m in Sources */,
				E186E2C61C425AA0001FA9A6 /* SeatTableHeaderView.m in Sources */,
				E18681FC1C1AB47C0054EA41 /* SeatsProgressView.m in Sources */,
				E1F47CB91C42B17E0081CF45 /* CMPopTipView.m in Sources */,
				E1CEEBE11C3AC0430056089E /* LocationHandler.m in Sources */,
				E18908B41C87EC7700B99325 /* Notice+CoreDataProperties.m in Sources */,
				E1A6DD311C2A81E200A36E6D /* MineViewController.m in Sources */,
				E14180311C21B30E00195B75 /* ZSeatSelector.m in Sources */,
				E1DA78641C31616E00402E3F /* BookingViewController.m in Sources */,
				E12744A61C1BFA8700698286 /* SeatsViewController.m in Sources */,
			);
			runOnlyForDeploymentPostprocessing = 0;
		};
		E1B5B7BA1C15D59B00CD2981 /* Sources */ = {
			isa = PBXSourcesBuildPhase;
			buildActionMask = 2147483647;
			files = (
			);
			runOnlyForDeploymentPostprocessing = 0;
		};
		E1B5B7C51C15D59B00CD2981 /* Sources */ = {
			isa = PBXSourcesBuildPhase;
			buildActionMask = 2147483647;
			files = (
			);
			runOnlyForDeploymentPostprocessing = 0;
		};
/* End PBXSourcesBuildPhase section */

/* Begin PBXTargetDependency section */
		E1B5B7C01C15D59B00CD2981 /* PBXTargetDependency */ = {
			isa = PBXTargetDependency;
			target = E1B5B7A41C15D59B00CD2981 /* LibrarySeats */;
			targetProxy = E1B5B7BF1C15D59B00CD2981 /* PBXContainerItemProxy */;
		};
		E1B5B7CB1C15D59B00CD2981 /* PBXTargetDependency */ = {
			isa = PBXTargetDependency;
			target = E1B5B7A41C15D59B00CD2981 /* LibrarySeats */;
			targetProxy = E1B5B7CA1C15D59B00CD2981 /* PBXContainerItemProxy */;
		};
/* End PBXTargetDependency section */

/* Begin PBXVariantGroup section */
		E1B5B7B11C15D59B00CD2981 /* Main.storyboard */ = {
			isa = PBXVariantGroup;
			children = (
				E1B5B7B21C15D59B00CD2981 /* Base */,
			);
			name = Main.storyboard;
			sourceTree = "<group>";
		};
		E1B5B7B61C15D59B00CD2981 /* LaunchScreen.storyboard */ = {
			isa = PBXVariantGroup;
			children = (
				E1B5B7B71C15D59B00CD2981 /* Base */,
			);
			name = LaunchScreen.storyboard;
			sourceTree = "<group>";
		};
/* End PBXVariantGroup section */

/* Begin XCBuildConfiguration section */
		E1B5B7D01C15D59B00CD2981 /* Debug */ = {
			isa = XCBuildConfiguration;
			buildSettings = {
				ALWAYS_SEARCH_USER_PATHS = NO;
				CLANG_CXX_LANGUAGE_STANDARD = "gnu++0x";
				CLANG_CXX_LIBRARY = "libc++";
				CLANG_ENABLE_MODULES = YES;
				CLANG_ENABLE_OBJC_ARC = YES;
				CLANG_WARN_BOOL_CONVERSION = YES;
				CLANG_WARN_CONSTANT_CONVERSION = YES;
				CLANG_WARN_DIRECT_OBJC_ISA_USAGE = YES_ERROR;
				CLANG_WARN_EMPTY_BODY = YES;
				CLANG_WARN_ENUM_CONVERSION = YES;
				CLANG_WARN_INT_CONVERSION = YES;
				CLANG_WARN_OBJC_ROOT_CLASS = YES_ERROR;
				CLANG_WARN_UNREACHABLE_CODE = YES;
				CLANG_WARN__DUPLICATE_METHOD_MATCH = YES;
				"CODE_SIGN_IDENTITY[sdk=iphoneos*]" = "iPhone Developer";
				COPY_PHASE_STRIP = NO;
				DEBUG_INFORMATION_FORMAT = dwarf;
				ENABLE_STRICT_OBJC_MSGSEND = YES;
				ENABLE_TESTABILITY = YES;
				GCC_C_LANGUAGE_STANDARD = gnu99;
				GCC_DYNAMIC_NO_PIC = NO;
				GCC_NO_COMMON_BLOCKS = YES;
				GCC_OPTIMIZATION_LEVEL = 0;
				GCC_PREPROCESSOR_DEFINITIONS = (
					"DEBUG=1",
					"$(inherited)",
				);
				GCC_WARN_64_TO_32_BIT_CONVERSION = YES;
				GCC_WARN_ABOUT_RETURN_TYPE = YES_ERROR;
				GCC_WARN_UNDECLARED_SELECTOR = YES;
				GCC_WARN_UNINITIALIZED_AUTOS = YES_AGGRESSIVE;
				GCC_WARN_UNUSED_FUNCTION = YES;
				GCC_WARN_UNUSED_VARIABLE = YES;
				IPHONEOS_DEPLOYMENT_TARGET = 9.0;
				MTL_ENABLE_DEBUG_INFO = YES;
				ONLY_ACTIVE_ARCH = YES;
				SDKROOT = iphoneos;
			};
			name = Debug;
		};
		E1B5B7D11C15D59B00CD2981 /* Release */ = {
			isa = XCBuildConfiguration;
			buildSettings = {
				ALWAYS_SEARCH_USER_PATHS = NO;
				CLANG_CXX_LANGUAGE_STANDARD = "gnu++0x";
				CLANG_CXX_LIBRARY = "libc++";
				CLANG_ENABLE_MODULES = YES;
				CLANG_ENABLE_OBJC_ARC = YES;
				CLANG_WARN_BOOL_CONVERSION = YES;
				CLANG_WARN_CONSTANT_CONVERSION = YES;
				CLANG_WARN_DIRECT_OBJC_ISA_USAGE = YES_ERROR;
				CLANG_WARN_EMPTY_BODY = YES;
				CLANG_WARN_ENUM_CONVERSION = YES;
				CLANG_WARN_INT_CONVERSION = YES;
				CLANG_WARN_OBJC_ROOT_CLASS = YES_ERROR;
				CLANG_WARN_UNREACHABLE_CODE = YES;
				CLANG_WARN__DUPLICATE_METHOD_MATCH = YES;
				"CODE_SIGN_IDENTITY[sdk=iphoneos*]" = "iPhone Developer";
				COPY_PHASE_STRIP = NO;
				DEBUG_INFORMATION_FORMAT = "dwarf-with-dsym";
				ENABLE_NS_ASSERTIONS = NO;
				ENABLE_STRICT_OBJC_MSGSEND = YES;
				GCC_C_LANGUAGE_STANDARD = gnu99;
				GCC_NO_COMMON_BLOCKS = YES;
				GCC_WARN_64_TO_32_BIT_CONVERSION = YES;
				GCC_WARN_ABOUT_RETURN_TYPE = YES_ERROR;
				GCC_WARN_UNDECLARED_SELECTOR = YES;
				GCC_WARN_UNINITIALIZED_AUTOS = YES_AGGRESSIVE;
				GCC_WARN_UNUSED_FUNCTION = YES;
				GCC_WARN_UNUSED_VARIABLE = YES;
				IPHONEOS_DEPLOYMENT_TARGET = 9.0;
				MTL_ENABLE_DEBUG_INFO = NO;
				SDKROOT = iphoneos;
				VALIDATE_PRODUCT = YES;
			};
			name = Release;
		};
		E1B5B7D31C15D59B00CD2981 /* Debug */ = {
			isa = XCBuildConfiguration;
			baseConfigurationReference = 6F021ECA0ECAC1E3106226FE /* Pods.debug.xcconfig */;
			buildSettings = {
				ASSETCATALOG_COMPILER_APPICON_NAME = AppIcon;
				ASSETCATALOG_COMPILER_LAUNCHIMAGE_NAME = LaunchImage;
				CODE_SIGN_IDENTITY = "iPhone Developer";
				GCC_PRECOMPILE_PREFIX_HEADER = YES;
				GCC_PREFIX_HEADER = LibrarySeats/LibrarySeatsPrefix.pch;
				INFOPLIST_FILE = LibrarySeats/Info.plist;
				IPHONEOS_DEPLOYMENT_TARGET = 7.0;
				LD_RUNPATH_SEARCH_PATHS = "$(inherited) @executable_path/Frameworks";
				PRODUCT_BUNDLE_IDENTIFIER = ezfen.LibrarySeats;
				PRODUCT_NAME = EZSeats;
			};
			name = Debug;
		};
		E1B5B7D41C15D59B00CD2981 /* Release */ = {
			isa = XCBuildConfiguration;
			baseConfigurationReference = B26053295D024FF084BCCF28 /* Pods.release.xcconfig */;
			buildSettings = {
				ASSETCATALOG_COMPILER_APPICON_NAME = AppIcon;
				ASSETCATALOG_COMPILER_LAUNCHIMAGE_NAME = LaunchImage;
				CODE_SIGN_IDENTITY = "iPhone Developer";
				GCC_PRECOMPILE_PREFIX_HEADER = YES;
				GCC_PREFIX_HEADER = LibrarySeats/LibrarySeatsPrefix.pch;
				INFOPLIST_FILE = LibrarySeats/Info.plist;
				IPHONEOS_DEPLOYMENT_TARGET = 7.0;
				LD_RUNPATH_SEARCH_PATHS = "$(inherited) @executable_path/Frameworks";
				PRODUCT_BUNDLE_IDENTIFIER = ezfen.LibrarySeats;
				PRODUCT_NAME = EZSeats;
			};
			name = Release;
		};
		E1B5B7D61C15D59B00CD2981 /* Debug */ = {
			isa = XCBuildConfiguration;
			buildSettings = {
				BUNDLE_LOADER = "$(TEST_HOST)";
				INFOPLIST_FILE = LibrarySeatsTests/Info.plist;
				LD_RUNPATH_SEARCH_PATHS = "$(inherited) @executable_path/Frameworks @loader_path/Frameworks";
				PRODUCT_BUNDLE_IDENTIFIER = ezfen.LibrarySeatsTests;
				PRODUCT_NAME = "$(TARGET_NAME)";
				TEST_HOST = "$(BUILT_PRODUCTS_DIR)/LibrarySeats.app/LibrarySeats";
			};
			name = Debug;
		};
		E1B5B7D71C15D59B00CD2981 /* Release */ = {
			isa = XCBuildConfiguration;
			buildSettings = {
				BUNDLE_LOADER = "$(TEST_HOST)";
				INFOPLIST_FILE = LibrarySeatsTests/Info.plist;
				LD_RUNPATH_SEARCH_PATHS = "$(inherited) @executable_path/Frameworks @loader_path/Frameworks";
				PRODUCT_BUNDLE_IDENTIFIER = ezfen.LibrarySeatsTests;
				PRODUCT_NAME = "$(TARGET_NAME)";
				TEST_HOST = "$(BUILT_PRODUCTS_DIR)/LibrarySeats.app/LibrarySeats";
			};
			name = Release;
		};
		E1B5B7D91C15D59B00CD2981 /* Debug */ = {
			isa = XCBuildConfiguration;
			buildSettings = {
				INFOPLIST_FILE = LibrarySeatsUITests/Info.plist;
				LD_RUNPATH_SEARCH_PATHS = "$(inherited) @executable_path/Frameworks @loader_path/Frameworks";
				PRODUCT_BUNDLE_IDENTIFIER = ezfen.LibrarySeatsUITests;
				PRODUCT_NAME = "$(TARGET_NAME)";
				TEST_TARGET_NAME = LibrarySeats;
				USES_XCTRUNNER = YES;
			};
			name = Debug;
		};
		E1B5B7DA1C15D59B00CD2981 /* Release */ = {
			isa = XCBuildConfiguration;
			buildSettings = {
				INFOPLIST_FILE = LibrarySeatsUITests/Info.plist;
				LD_RUNPATH_SEARCH_PATHS = "$(inherited) @executable_path/Frameworks @loader_path/Frameworks";
				PRODUCT_BUNDLE_IDENTIFIER = ezfen.LibrarySeatsUITests;
				PRODUCT_NAME = "$(TARGET_NAME)";
				TEST_TARGET_NAME = LibrarySeats;
				USES_XCTRUNNER = YES;
			};
			name = Release;
		};
/* End XCBuildConfiguration section */

/* Begin XCConfigurationList section */
		E1B5B7A01C15D59B00CD2981 /* Build configuration list for PBXProject "LibrarySeats" */ = {
			isa = XCConfigurationList;
			buildConfigurations = (
				E1B5B7D01C15D59B00CD2981 /* Debug */,
				E1B5B7D11C15D59B00CD2981 /* Release */,
			);
			defaultConfigurationIsVisible = 0;
			defaultConfigurationName = Release;
		};
		E1B5B7D21C15D59B00CD2981 /* Build configuration list for PBXNativeTarget "LibrarySeats" */ = {
			isa = XCConfigurationList;
			buildConfigurations = (
				E1B5B7D31C15D59B00CD2981 /* Debug */,
				E1B5B7D41C15D59B00CD2981 /* Release */,
			);
			defaultConfigurationIsVisible = 0;
			defaultConfigurationName = Release;
		};
		E1B5B7D51C15D59B00CD2981 /* Build configuration list for PBXNativeTarget "LibrarySeatsTests" */ = {
			isa = XCConfigurationList;
			buildConfigurations = (
				E1B5B7D61C15D59B00CD2981 /* Debug */,
				E1B5B7D71C15D59B00CD2981 /* Release */,
			);
			defaultConfigurationIsVisible = 0;
			defaultConfigurationName = Release;
		};
		E1B5B7D81C15D59B00CD2981 /* Build configuration list for PBXNativeTarget "LibrarySeatsUITests" */ = {
			isa = XCConfigurationList;
			buildConfigurations = (
				E1B5B7D91C15D59B00CD2981 /* Debug */,
				E1B5B7DA1C15D59B00CD2981 /* Release */,
			);
			defaultConfigurationIsVisible = 0;
			defaultConfigurationName = Release;
		};
/* End XCConfigurationList section */

/* Begin XCVersionGroup section */
		E132062F1C806344002DE512 /* LibrarySeatsModel.xcdatamodeld */ = {
			isa = XCVersionGroup;
			children = (
				E13206301C806344002DE512 /* LibrarySeatsModel.xcdatamodel */,
			);
			currentVersion = E13206301C806344002DE512 /* LibrarySeatsModel.xcdatamodel */;
			path = LibrarySeatsModel.xcdatamodeld;
			sourceTree = "<group>";
			versionGroupType = wrapper.xcdatamodel;
		};
/* End XCVersionGroup section */
	};
	rootObject = E1B5B79D1C15D59B00CD2981 /* Project object */;
}
